
Microsoft Visual Studio Solution File, Format Version 12.00
# Visual Studio Version 17
VisualStudioVersion = 17.10.35122.118
MinimumVisualStudioVersion = 10.0.40219.1
Project("{9A19103F-16F7-4668-BE54-9A1E7A4F7556}") = "Demo.PresentaionLayer", "Demo.PresentaionLayer\Demo.PresentaionLayer.csproj", "{B27AD7E7-000A-4F7F-A50C-A488A9E6A65D}"
EndProject
Project("{9A19103F-16F7-4668-BE54-9A1E7A4F7556}") = "Demo.BusinessLogicLayer", "BusinessLogicLayer\Demo.BusinessLogicLayer.csproj", "{714B4785-6DB8-4BC7-9FBF-41CDA8E96C26}"
EndProject
Project("{9A19103F-16F7-4668-BE54-9A1E7A4F7556}") = "Demo.DataAccessLayer", "Demo.DataAccessLayer\Demo.DataAccessLayer.csproj", "{F7FA8B93-2ECC-495E-B3E0-A32094B4C442}"
EndProject
Global
	GlobalSection(SolutionConfigurationPlatforms) = preSolution
		Debug|Any CPU = Debug|Any CPU
		Release|Any CPU = Release|Any CPU
	EndGlobalSection
	GlobalSection(ProjectConfigurationPlatforms) = postSolution
		{B27AD7E7-000A-4F7F-A50C-A488A9E6A65D}.Debug|Any CPU.ActiveCfg = Debug|Any CPU
		{B27AD7E7-000A-4F7F-A50C-A488A9E6A65D}.Debug|Any CPU.Build.0 = Debug|Any CPU
		{B27AD7E7-000A-4F7F-A50C-A488A9E6A65D}.Release|Any CPU.ActiveCfg = Release|Any CPU
		{B27AD7E7-000A-4F7F-A50C-A488A9E6A65D}.Release|Any CPU.Build.0 = Release|Any CPU
		{714B4785-6DB8-4BC7-9FBF-41CDA8E96C26}.Debug|Any CPU.ActiveCfg = Debug|Any CPU
		{714B4785-6DB8-4BC7-9FBF-41CDA8E96C26}.Debug|Any CPU.Build.0 = Debug|Any CPU
		{714B4785-6DB8-4BC7-9FBF-41CDA8E96C26}.Release|Any CPU.ActiveCfg = Release|Any CPU
		{714B4785-6DB8-4BC7-9FBF-41CDA8E96C26}.Release|Any CPU.Build.0 = Release|Any CPU
		{F7FA8B93-2ECC-495E-B3E0-A32094B4C442}.Debug|Any CPU.ActiveCfg = Debug|Any CPU
		{F7FA8B93-2ECC-495E-B3E0-A32094B4C442}.Debug|Any CPU.Build.0 = Debug|Any CPU
		{F7FA8B93-2ECC-495E-B3E0-A32094B4C442}.Release|Any CPU.ActiveCfg = Release|Any CPU
		{F7FA8B93-2ECC-495E-B3E0-A32094B4C442}.Release|Any CPU.Build.0 = Release|Any CPU
	EndGlobalSection
	GlobalSection(SolutionProperties) = preSolution
		HideSolutionNode = FALSE
	EndGlobalSection
	GlobalSection(ExtensibilityGlobals) = postSolution
		SolutionGuid = {EEA7671B-0ED8-4E55-BF8E-CDB578E04123}
	EndGlobalSection
EndGlobal
